
Microsoft Visual Studio Solution File, Format Version 12.00
# Visual Studio Version 17
VisualStudioVersion = 17.10.35027.167
MinimumVisualStudioVersion = 10.0.40219.1
Project("{FAE04EC0-301F-11D3-BF4B-00C04F79EFBC}") = "CSharpUeben", "CSharpUeben\CSharpUeben.csproj", "{B482578D-E68D-40D9-8BA9-28BF7DCC4F53}"
EndProject
Global
	GlobalSection(SolutionConfigurationPlatforms) = preSolution
		Debug|Any CPU = Debug|Any CPU
		Release|Any CPU = Release|Any CPU
	EndGlobalSection
	GlobalSection(ProjectConfigurationPlatforms) = postSolution
		{B482578D-E68D-40D9-8BA9-28BF7DCC4F53}.Debug|Any CPU.ActiveCfg = Debug|Any CPU
		{B482578D-E68D-40D9-8BA9-28BF7DCC4F53}.Debug|Any CPU.Build.0 = Debug|Any CPU
		{B482578D-E68D-40D9-8BA9-28BF7DCC4F53}.Release|Any CPU.ActiveCfg = Release|Any CPU
		{B482578D-E68D-40D9-8BA9-28BF7DCC4F53}.Release|Any CPU.Build.0 = Release|Any CPU
	EndGlobalSection
	GlobalSection(SolutionProperties) = preSolution
		HideSolutionNode = FALSE
	EndGlobalSection
	GlobalSection(ExtensibilityGlobals) = postSolution
		SolutionGuid = {E79FFB3B-33D9-42D6-B93C-0C4D6CD00068}
	EndGlobalSection
EndGlobal
